{
  "requires": true,
  "lockfileVersion": 1,
  "dependencies": {
    "@engie-group/fluid-design-system": {
      "version": "4.1.1",
      "resolved": "https://registry.npmjs.org/@engie-group/fluid-design-system/-/fluid-design-system-4.1.1.tgz",
      "integrity": "sha512-kDXRLbhAN9V69fd77hgyHOXvRpbtrbS7omJPuwyLuGNrviAR0fB4b+rmpQdHWG3e3J1SdI24ZklKwiPyYTz7hw=="
    }
  }
}
